
Microsoft Visual Studio Solution File, Format Version 12.00
# Visual Studio Version 16
VisualStudioVersion = 16.0.30907.101
MinimumVisualStudioVersion = 10.0.40219.1
Project("{9A19103F-16F7-4668-BE54-9A1E7A4F7556}") = "WeatherApp", "WeatherApp\WeatherApp.csproj", "{FDF159AF-25BA-4C8D-B27F-BB663CD53E27}"
EndProject
Project("{9A19103F-16F7-4668-BE54-9A1E7A4F7556}") = "BLL", "BLL\BLL.csproj", "{1AB5B717-ECC3-404F-9754-F25AA4339184}"
EndProject
Project("{9A19103F-16F7-4668-BE54-9A1E7A4F7556}") = "ViewModels", "ViewModels\ViewModels.csproj", "{2F52519A-5C1C-41FD-82A2-2D53AC5AD57E}"
EndProject
Project("{9A19103F-16F7-4668-BE54-9A1E7A4F7556}") = "Services", "Services\Services.csproj", "{A82A7B85-7A3F-431D-9729-0A66E3E5C859}"
EndProject
Project("{9A19103F-16F7-4668-BE54-9A1E7A4F7556}") = "Common", "Common\Common.csproj", "{6E54589E-A37A-4C92-8038-3DE15412BAE1}"
EndProject
Project("{FAE04EC0-301F-11D3-BF4B-00C04F79EFBC}") = "WeatherApp.Tests", "UnitTests\WeatherApp.Tests.csproj", "{69E35CE9-A3A9-4AAD-9C30-D6FD02D9D0EA}"
EndProject
Global
	GlobalSection(SolutionConfigurationPlatforms) = preSolution
		Debug|Any CPU = Debug|Any CPU
		Debug|ARM = Debug|ARM
		Debug|ARM64 = Debug|ARM64
		Debug|x64 = Debug|x64
		Debug|x86 = Debug|x86
		Release|Any CPU = Release|Any CPU
		Release|ARM = Release|ARM
		Release|ARM64 = Release|ARM64
		Release|x64 = Release|x64
		Release|x86 = Release|x86
	EndGlobalSection
	GlobalSection(ProjectConfigurationPlatforms) = postSolution
		{FDF159AF-25BA-4C8D-B27F-BB663CD53E27}.Debug|Any CPU.ActiveCfg = Debug|Any CPU
		{FDF159AF-25BA-4C8D-B27F-BB663CD53E27}.Debug|Any CPU.Build.0 = Debug|Any CPU
		{FDF159AF-25BA-4C8D-B27F-BB663CD53E27}.Debug|ARM.ActiveCfg = Debug|Any CPU
		{FDF159AF-25BA-4C8D-B27F-BB663CD53E27}.Debug|ARM.Build.0 = Debug|Any CPU
		{FDF159AF-25BA-4C8D-B27F-BB663CD53E27}.Debug|ARM64.ActiveCfg = Debug|Any CPU
		{FDF159AF-25BA-4C8D-B27F-BB663CD53E27}.Debug|ARM64.Build.0 = Debug|Any CPU
		{FDF159AF-25BA-4C8D-B27F-BB663CD53E27}.Debug|x64.ActiveCfg = Debug|Any CPU
		{FDF159AF-25BA-4C8D-B27F-BB663CD53E27}.Debug|x64.Build.0 = Debug|Any CPU
		{FDF159AF-25BA-4C8D-B27F-BB663CD53E27}.Debug|x86.ActiveCfg = Debug|Any CPU
		{FDF159AF-25BA-4C8D-B27F-BB663CD53E27}.Debug|x86.Build.0 = Debug|Any CPU
		{FDF159AF-25BA-4C8D-B27F-BB663CD53E27}.Release|Any CPU.ActiveCfg = Release|Any CPU
		{FDF159AF-25BA-4C8D-B27F-BB663CD53E27}.Release|Any CPU.Build.0 = Release|Any CPU
		{FDF159AF-25BA-4C8D-B27F-BB663CD53E27}.Release|ARM.ActiveCfg = Release|Any CPU
		{FDF159AF-25BA-4C8D-B27F-BB663CD53E27}.Release|ARM.Build.0 = Release|Any CPU
		{FDF159AF-25BA-4C8D-B27F-BB663CD53E27}.Release|ARM64.ActiveCfg = Release|Any CPU
		{FDF159AF-25BA-4C8D-B27F-BB663CD53E27}.Release|ARM64.Build.0 = Release|Any CPU
		{FDF159AF-25BA-4C8D-B27F-BB663CD53E27}.Release|x64.ActiveCfg = Release|Any CPU
		{FDF159AF-25BA-4C8D-B27F-BB663CD53E27}.Release|x64.Build.0 = Release|Any CPU
		{FDF159AF-25BA-4C8D-B27F-BB663CD53E27}.Release|x86.ActiveCfg = Release|Any CPU
		{FDF159AF-25BA-4C8D-B27F-BB663CD53E27}.Release|x86.Build.0 = Release|Any CPU
		{1AB5B717-ECC3-404F-9754-F25AA4339184}.Debug|Any CPU.ActiveCfg = Debug|Any CPU
		{1AB5B717-ECC3-404F-9754-F25AA4339184}.Debug|Any CPU.Build.0 = Debug|Any CPU
		{1AB5B717-ECC3-404F-9754-F25AA4339184}.Debug|ARM.ActiveCfg = Debug|Any CPU
		{1AB5B717-ECC3-404F-9754-F25AA4339184}.Debug|ARM.Build.0 = Debug|Any CPU
		{1AB5B717-ECC3-404F-9754-F25AA4339184}.Debug|ARM64.ActiveCfg = Debug|Any CPU
		{1AB5B717-ECC3-404F-9754-F25AA4339184}.Debug|ARM64.Build.0 = Debug|Any CPU
		{1AB5B717-ECC3-404F-9754-F25AA4339184}.Debug|x64.ActiveCfg = Debug|Any CPU
		{1AB5B717-ECC3-404F-9754-F25AA4339184}.Debug|x64.Build.0 = Debug|Any CPU
		{1AB5B717-ECC3-404F-9754-F25AA4339184}.Debug|x86.ActiveCfg = Debug|Any CPU
		{1AB5B717-ECC3-404F-9754-F25AA4339184}.Debug|x86.Build.0 = Debug|Any CPU
		{1AB5B717-ECC3-404F-9754-F25AA4339184}.Release|Any CPU.ActiveCfg = Release|Any CPU
		{1AB5B717-ECC3-404F-9754-F25AA4339184}.Release|Any CPU.Build.0 = Release|Any CPU
		{1AB5B717-ECC3-404F-9754-F25AA4339184}.Release|ARM.ActiveCfg = Release|Any CPU
		{1AB5B717-ECC3-404F-9754-F25AA4339184}.Release|ARM.Build.0 = Release|Any CPU
		{1AB5B717-ECC3-404F-9754-F25AA4339184}.Release|ARM64.ActiveCfg = Release|Any CPU
		{1AB5B717-ECC3-404F-9754-F25AA4339184}.Release|ARM64.Build.0 = Release|Any CPU
		{1AB5B717-ECC3-404F-9754-F25AA4339184}.Release|x64.ActiveCfg = Release|Any CPU
		{1AB5B717-ECC3-404F-9754-F25AA4339184}.Release|x64.Build.0 = Release|Any CPU
		{1AB5B717-ECC3-404F-9754-F25AA4339184}.Release|x86.ActiveCfg = Release|Any CPU
		{1AB5B717-ECC3-404F-9754-F25AA4339184}.Release|x86.Build.0 = Release|Any CPU
		{2F52519A-5C1C-41FD-82A2-2D53AC5AD57E}.Debug|Any CPU.ActiveCfg = Debug|Any CPU
		{2F52519A-5C1C-41FD-82A2-2D53AC5AD57E}.Debug|Any CPU.Build.0 = Debug|Any CPU
		{2F52519A-5C1C-41FD-82A2-2D53AC5AD57E}.Debug|ARM.ActiveCfg = Debug|Any CPU
		{2F52519A-5C1C-41FD-82A2-2D53AC5AD57E}.Debug|ARM.Build.0 = Debug|Any CPU
		{2F52519A-5C1C-41FD-82A2-2D53AC5AD57E}.Debug|ARM64.ActiveCfg = Debug|Any CPU
		{2F52519A-5C1C-41FD-82A2-2D53AC5AD57E}.Debug|ARM64.Build.0 = Debug|Any CPU
		{2F52519A-5C1C-41FD-82A2-2D53AC5AD57E}.Debug|x64.ActiveCfg = Debug|Any CPU
		{2F52519A-5C1C-41FD-82A2-2D53AC5AD57E}.Debug|x64.Build.0 = Debug|Any CPU
		{2F52519A-5C1C-41FD-82A2-2D53AC5AD57E}.Debug|x86.ActiveCfg = Debug|Any CPU
		{2F52519A-5C1C-41FD-82A2-2D53AC5AD57E}.Debug|x86.Build.0 = Debug|Any CPU
		{2F52519A-5C1C-41FD-82A2-2D53AC5AD57E}.Release|Any CPU.ActiveCfg = Release|Any CPU
		{2F52519A-5C1C-41FD-82A2-2D53AC5AD57E}.Release|Any CPU.Build.0 = Release|Any CPU
		{2F52519A-5C1C-41FD-82A2-2D53AC5AD57E}.Release|ARM.ActiveCfg = Release|Any CPU
		{2F52519A-5C1C-41FD-82A2-2D53AC5AD57E}.Release|ARM.Build.0 = Release|Any CPU
		{2F52519A-5C1C-41FD-82A2-2D53AC5AD57E}.Release|ARM64.ActiveCfg = Release|Any CPU
		{2F52519A-5C1C-41FD-82A2-2D53AC5AD57E}.Release|ARM64.Build.0 = Release|Any CPU
		{2F52519A-5C1C-41FD-82A2-2D53AC5AD57E}.Release|x64.ActiveCfg = Release|Any CPU
		{2F52519A-5C1C-41FD-82A2-2D53AC5AD57E}.Release|x64.Build.0 = Release|Any CPU
		{2F52519A-5C1C-41FD-82A2-2D53AC5AD57E}.Release|x86.ActiveCfg = Release|Any CPU
		{2F52519A-5C1C-41FD-82A2-2D53AC5AD57E}.Release|x86.Build.0 = Release|Any CPU
		{A82A7B85-7A3F-431D-9729-0A66E3E5C859}.Debug|Any CPU.ActiveCfg = Debug|Any CPU
		{A82A7B85-7A3F-431D-9729-0A66E3E5C859}.Debug|Any CPU.Build.0 = Debug|Any CPU
		{A82A7B85-7A3F-431D-9729-0A66E3E5C859}.Debug|ARM.ActiveCfg = Debug|Any CPU
		{A82A7B85-7A3F-431D-9729-0A66E3E5C859}.Debug|ARM.Build.0 = Debug|Any CPU
		{A82A7B85-7A3F-431D-9729-0A66E3E5C859}.Debug|ARM64.ActiveCfg = Debug|Any CPU
		{A82A7B85-7A3F-431D-9729-0A66E3E5C859}.Debug|ARM64.Build.0 = Debug|Any CPU
		{A82A7B85-7A3F-431D-9729-0A66E3E5C859}.Debug|x64.ActiveCfg = Debug|Any CPU
		{A82A7B85-7A3F-431D-9729-0A66E3E5C859}.Debug|x64.Build.0 = Debug|Any CPU
		{A82A7B85-7A3F-431D-9729-0A66E3E5C859}.Debug|x86.ActiveCfg = Debug|Any CPU
		{A82A7B85-7A3F-431D-9729-0A66E3E5C859}.Debug|x86.Build.0 = Debug|Any CPU
		{A82A7B85-7A3F-431D-9729-0A66E3E5C859}.Release|Any CPU.ActiveCfg = Release|Any CPU
		{A82A7B85-7A3F-431D-9729-0A66E3E5C859}.Release|Any CPU.Build.0 = Release|Any CPU
		{A82A7B85-7A3F-431D-9729-0A66E3E5C859}.Release|ARM.ActiveCfg = Release|Any CPU
		{A82A7B85-7A3F-431D-9729-0A66E3E5C859}.Release|ARM.Build.0 = Release|Any CPU
		{A82A7B85-7A3F-431D-9729-0A66E3E5C859}.Release|ARM64.ActiveCfg = Release|Any CPU
		{A82A7B85-7A3F-431D-9729-0A66E3E5C859}.Release|ARM64.Build.0 = Release|Any CPU
		{A82A7B85-7A3F-431D-9729-0A66E3E5C859}.Release|x64.ActiveCfg = Release|Any CPU
		{A82A7B85-7A3F-431D-9729-0A66E3E5C859}.Release|x64.Build.0 = Release|Any CPU
		{A82A7B85-7A3F-431D-9729-0A66E3E5C859}.Release|x86.ActiveCfg = Release|Any CPU
		{A82A7B85-7A3F-431D-9729-0A66E3E5C859}.Release|x86.Build.0 = Release|Any CPU
		{6E54589E-A37A-4C92-8038-3DE15412BAE1}.Debug|Any CPU.ActiveCfg = Debug|Any CPU
		{6E54589E-A37A-4C92-8038-3DE15412BAE1}.Debug|Any CPU.Build.0 = Debug|Any CPU
		{6E54589E-A37A-4C92-8038-3DE15412BAE1}.Debug|ARM.ActiveCfg = Debug|Any CPU
		{6E54589E-A37A-4C92-8038-3DE15412BAE1}.Debug|ARM.Build.0 = Debug|Any CPU
		{6E54589E-A37A-4C92-8038-3DE15412BAE1}.Debug|ARM64.ActiveCfg = Debug|Any CPU
		{6E54589E-A37A-4C92-8038-3DE15412BAE1}.Debug|ARM64.Build.0 = Debug|Any CPU
		{6E54589E-A37A-4C92-8038-3DE15412BAE1}.Debug|x64.ActiveCfg = Debug|Any CPU
		{6E54589E-A37A-4C92-8038-3DE15412BAE1}.Debug|x64.Build.0 = Debug|Any CPU
		{6E54589E-A37A-4C92-8038-3DE15412BAE1}.Debug|x86.ActiveCfg = Debug|Any CPU
		{6E54589E-A37A-4C92-8038-3DE15412BAE1}.Debug|x86.Build.0 = Debug|Any CPU
		{6E54589E-A37A-4C92-8038-3DE15412BAE1}.Release|Any CPU.ActiveCfg = Release|Any CPU
		{6E54589E-A37A-4C92-8038-3DE15412BAE1}.Release|Any CPU.Build.0 = Release|Any CPU
		{6E54589E-A37A-4C92-8038-3DE15412BAE1}.Release|ARM.ActiveCfg = Release|Any CPU
		{6E54589E-A37A-4C92-8038-3DE15412BAE1}.Release|ARM.Build.0 = Release|Any CPU
		{6E54589E-A37A-4C92-8038-3DE15412BAE1}.Release|ARM64.ActiveCfg = Release|Any CPU
		{6E54589E-A37A-4C92-8038-3DE15412BAE1}.Release|ARM64.Build.0 = Release|Any CPU
		{6E54589E-A37A-4C92-8038-3DE15412BAE1}.Release|x64.ActiveCfg = Release|Any CPU
		{6E54589E-A37A-4C92-8038-3DE15412BAE1}.Release|x64.Build.0 = Release|Any CPU
		{6E54589E-A37A-4C92-8038-3DE15412BAE1}.Release|x86.ActiveCfg = Release|Any CPU
		{6E54589E-A37A-4C92-8038-3DE15412BAE1}.Release|x86.Build.0 = Release|Any CPU
		{69E35CE9-A3A9-4AAD-9C30-D6FD02D9D0EA}.Debug|Any CPU.ActiveCfg = Debug|Any CPU
		{69E35CE9-A3A9-4AAD-9C30-D6FD02D9D0EA}.Debug|Any CPU.Build.0 = Debug|Any CPU
		{69E35CE9-A3A9-4AAD-9C30-D6FD02D9D0EA}.Debug|ARM.ActiveCfg = Debug|Any CPU
		{69E35CE9-A3A9-4AAD-9C30-D6FD02D9D0EA}.Debug|ARM.Build.0 = Debug|Any CPU
		{69E35CE9-A3A9-4AAD-9C30-D6FD02D9D0EA}.Debug|ARM64.ActiveCfg = Debug|Any CPU
		{69E35CE9-A3A9-4AAD-9C30-D6FD02D9D0EA}.Debug|ARM64.Build.0 = Debug|Any CPU
		{69E35CE9-A3A9-4AAD-9C30-D6FD02D9D0EA}.Debug|x64.ActiveCfg = Debug|Any CPU
		{69E35CE9-A3A9-4AAD-9C30-D6FD02D9D0EA}.Debug|x64.Build.0 = Debug|Any CPU
		{69E35CE9-A3A9-4AAD-9C30-D6FD02D9D0EA}.Debug|x86.ActiveCfg = Debug|Any CPU
		{69E35CE9-A3A9-4AAD-9C30-D6FD02D9D0EA}.Debug|x86.Build.0 = Debug|Any CPU
		{69E35CE9-A3A9-4AAD-9C30-D6FD02D9D0EA}.Release|Any CPU.ActiveCfg = Release|Any CPU
		{69E35CE9-A3A9-4AAD-9C30-D6FD02D9D0EA}.Release|Any CPU.Build.0 = Release|Any CPU
		{69E35CE9-A3A9-4AAD-9C30-D6FD02D9D0EA}.Release|ARM.ActiveCfg = Release|Any CPU
		{69E35CE9-A3A9-4AAD-9C30-D6FD02D9D0EA}.Release|ARM.Build.0 = Release|Any CPU
		{69E35CE9-A3A9-4AAD-9C30-D6FD02D9D0EA}.Release|ARM64.ActiveCfg = Release|Any CPU
		{69E35CE9-A3A9-4AAD-9C30-D6FD02D9D0EA}.Release|ARM64.Build.0 = Release|Any CPU
		{69E35CE9-A3A9-4AAD-9C30-D6FD02D9D0EA}.Release|x64.ActiveCfg = Release|Any CPU
		{69E35CE9-A3A9-4AAD-9C30-D6FD02D9D0EA}.Release|x64.Build.0 = Release|Any CPU
		{69E35CE9-A3A9-4AAD-9C30-D6FD02D9D0EA}.Release|x86.ActiveCfg = Release|Any CPU
		{69E35CE9-A3A9-4AAD-9C30-D6FD02D9D0EA}.Release|x86.Build.0 = Release|Any CPU
	EndGlobalSection
	GlobalSection(SolutionProperties) = preSolution
		HideSolutionNode = FALSE
	EndGlobalSection
	GlobalSection(ExtensibilityGlobals) = postSolution
		SolutionGuid = {D36E4AE4-28AF-442A-AC58-ED718DF24792}
	EndGlobalSection
EndGlobal
